// !$*UTF8*$!
{
	archiveVersion = 1;
	classes = {
	};
	objectVersion = 56;
	objects = {

/* Begin PBXBuildFile section */
		A8158BB02B83D3BE00070E98 /* BreathingBuddyApp.swift in Sources */ = {isa = PBXBuildFile; fileRef = A8158BAF2B83D3BE00070E98 /* BreathingBuddyApp.swift */; };
		A8158BB22B83D3BE00070E98 /* ContentView.swift in Sources */ = {isa = PBXBuildFile; fileRef = A8158BB12B83D3BE00070E98 /* ContentView.swift */; };
		A8158BB42B83D3BF00070E98 /* Assets.xcassets in Resources */ = {isa = PBXBuildFile; fileRef = A8158BB32B83D3BF00070E98 /* Assets.xcassets */; };
		A8158BB72B83D3BF00070E98 /* Preview Assets.xcassets in Resources */ = {isa = PBXBuildFile; fileRef = A8158BB62B83D3BF00070E98 /* Preview Assets.xcassets */; };
		A8158BC22B83D45000070E98 /* DeepBreathingView.swift in Sources */ = {isa = PBXBuildFile; fileRef = A8158BC12B83D45000070E98 /* DeepBreathingView.swift */; };
		A8158BC42B83D49400070E98 /* BreathFourSevenEightView.swift in Sources */ = {isa = PBXBuildFile; fileRef = A8158BC32B83D49400070E98 /* BreathFourSevenEightView.swift */; };
		A8158BC62B83D4A900070E98 /* EqualBreathingView.swift in Sources */ = {isa = PBXBuildFile; fileRef = A8158BC52B83D4A900070E98 /* EqualBreathingView.swift */; };
/* End PBXBuildFile section */

/* Begin PBXFileReference section */
		A8158BAC2B83D3BE00070E98 /* BreathingBuddy.app */ = {isa = PBXFileReference; explicitFileType = wrapper.application; includeInIndex = 0; path = BreathingBuddy.app; sourceTree = BUILT_PRODUCTS_DIR; };
		A8158BAF2B83D3BE00070E98 /* BreathingBuddyApp.swift */ = {isa = PBXFileReference; lastKnownFileType = sourcecode.swift; path = BreathingBuddyApp.swift; sourceTree = "<group>"; };
		A8158BB12B83D3BE00070E98 /* ContentView.swift */ = {isa = PBXFileReference; lastKnownFileType = sourcecode.swift; path = ContentView.swift; sourceTree = "<group>"; };
		A8158BB32B83D3BF00070E98 /* Assets.xcassets */ = {isa = PBXFileReference; lastKnownFileType = folder.assetcatalog; path = Assets.xcassets; sourceTree = "<group>"; };
		A8158BB62B83D3BF00070E98 /* Preview Assets.xcassets */ = {isa = PBXFileReference; lastKnownFileType = folder.assetcatalog; path = "Preview Assets.xcassets"; sourceTree = "<group>"; };
		A8158BC12B83D45000070E98 /* DeepBreathingView.swift */ = {isa = PBXFileReference; lastKnownFileType = sourcecode.swift; path = DeepBreathingView.swift; sourceTree = "<group>"; };
		A8158BC32B83D49400070E98 /* BreathFourSevenEightView.swift */ = {isa = PBXFileReference; lastKnownFileType = sourcecode.swift; path = BreathFourSevenEightView.swift; sourceTree = "<group>"; };
		A8158BC52B83D4A900070E98 /* EqualBreathingView.swift */ = {isa = PBXFileReference; lastKnownFileType = sourcecode.swift; path = EqualBreathingView.swift; sourceTree = "<group>"; };
/* End PBXFileReference section */

/* Begin PBXFrameworksBuildPhase section */
		A8158BA92B83D3BE00070E98 /* Frameworks */ = {
			isa = PBXFrameworksBuildPhase;
			buildActionMask = 2147483647;
			files = (
			);
			runOnlyForDeploymentPostprocessing = 0;
		};
/* End PBXFrameworksBuildPhase section */

/* Begin PBXGroup section */
		A8158BA32B83D3BE00070E98 = {
			isa = PBXGroup;
			children = (
				A8158BAE2B83D3BE00070E98 /* BreathingBuddy */,
				A8158BAD2B83D3BE00070E98 /* Products */,
			);
			sourceTree = "<group>";
		};
		A8158BAD2B83D3BE00070E98 /* Products */ = {
			isa = PBXGroup;
			children = (
				A8158BAC2B83D3BE00070E98 /* BreathingBuddy.app */,
			);
			name = Products;
			sourceTree = "<group>";
		};
		A8158BAE2B83D3BE00070E98 /* BreathingBuddy */ = {
			isa = PBXGroup;
			children = (
				A8158BBD2B83D40800070E98 /* Views */,
				A8158BAF2B83D3BE00070E98 /* BreathingBuddyApp.swift */,
				A8158BB12B83D3BE00070E98 /* ContentView.swift */,
				A8158BB32B83D3BF00070E98 /* Assets.xcassets */,
				A8158BB52B83D3BF00070E98 /* Preview Content */,
			);
			path = BreathingBuddy;
			sourceTree = "<group>";
		};
		A8158BB52B83D3BF00070E98 /* Preview Content */ = {
			isa = PBXGroup;
			children = (
				A8158BB62B83D3BF00070E98 /* Preview Assets.xcassets */,
			);
			path = "Preview Content";
			sourceTree = "<group>";
		};
		A8158BBD2B83D40800070E98 /* Views */ = {
			isa = PBXGroup;
			children = (
				A8158BC12B83D45000070E98 /* DeepBreathingView.swift */,
				A8158BC32B83D49400070E98 /* BreathFourSevenEightView.swift */,
				A8158BC52B83D4A900070E98 /* EqualBreathingView.swift */,
			);
			path = Views;
			sourceTree = "<group>";
		};
/* End PBXGroup section */

/* Begin PBXNativeTarget section */
		A8158BAB2B83D3BE00070E98 /* BreathingBuddy */ = {
			isa = PBXNativeTarget;
			buildConfigurationList = A8158BBA2B83D3BF00070E98 /* Build configuration list for PBXNativeTarget "BreathingBuddy" */;
			buildPhases = (
				A8158BA82B83D3BE00070E98 /* Sources */,
				A8158BA92B83D3BE00070E98 /* Frameworks */,
				A8158BAA2B83D3BE00070E98 /* Resources */,
			);
			buildRules = (
			);
			dependencies = (
			);
			name = BreathingBuddy;
			productName = BreathingBuddy;
			productReference = A8158BAC2B83D3BE00070E98 /* BreathingBuddy.app */;
			productType = "com.apple.product-type.application";
		};
/* End PBXNativeTarget section */

/* Begin PBXProject section */
		A8158BA42B83D3BE00070E98 /* Project object */ = {
			isa = PBXProject;
			attributes = {
				BuildIndependentTargetsInParallel = 1;
				LastSwiftUpdateCheck = 1520;
				LastUpgradeCheck = 1520;
				TargetAttributes = {
					A8158BAB2B83D3BE00070E98 = {
						CreatedOnToolsVersion = 15.2;
					};
				};
			};
			buildConfigurationList = A8158BA72B83D3BE00070E98 /* Build configuration list for PBXProject "BreathingBuddy" */;
			compatibilityVersion = "Xcode 14.0";
			developmentRegion = en;
			hasScannedForEncodings = 0;
			knownRegions = (
				en,
				Base,
			);
			mainGroup = A8158BA32B83D3BE00070E98;
			productRefGroup = A8158BAD2B83D3BE00070E98 /* Products */;
			projectDirPath = "";
			projectRoot = "";
			targets = (
				A8158BAB2B83D3BE00070E98 /* BreathingBuddy */,
			);
		};
/* End PBXProject section */

/* Begin PBXResourcesBuildPhase section */
		A8158BAA2B83D3BE00070E98 /* Resources */ = {
			isa = PBXResourcesBuildPhase;
			buildActionMask = 2147483647;
			files = (
				A8158BB72B83D3BF00070E98 /* Preview Assets.xcassets in Resources */,
				A8158BB42B83D3BF00070E98 /* Assets.xcassets in Resources */,
			);
			runOnlyForDeploymentPostprocessing = 0;
		};
/* End PBXResourcesBuildPhase section */

/* Begin PBXSourcesBuildPhase section */
		A8158BA82B83D3BE00070E98 /* Sources */ = {
			isa = PBXSourcesBuildPhase;
			buildActionMask = 2147483647;
			files = (
				A8158BB22B83D3BE00070E98 /* ContentView.swift in Sources */,
				A8158BC62B83D4A900070E98 /* EqualBreathingView.swift in Sources */,
				A8158BB02B83D3BE00070E98 /* BreathingBuddyApp.swift in Sources */,
				A8158BC22B83D45000070E98 /* DeepBreathingView.swift in Sources */,
				A8158BC42B83D49400070E98 /* BreathFourSevenEightView.swift in Sources */,
			);
			runOnlyForDeploymentPostprocessing = 0;
		};
/* End PBXSourcesBuildPhase section */

/* Begin XCBuildConfiguration section */
		A8158BB82B83D3BF00070E98 /* Debug */ = {
			isa = XCBuildConfiguration;
			buildSettings = {
				ALWAYS_SEARCH_USER_PATHS = NO;
				ASSETCATALOG_COMPILER_GENERATE_SWIFT_ASSET_SYMBOL_EXTENSIONS = YES;
				CLANG_ANALYZER_NONNULL = YES;
				CLANG_ANALYZER_NUMBER_OBJECT_CONVERSION = YES_AGGRESSIVE;
				CLANG_CXX_LANGUAGE_STANDARD = "gnu++20";
				CLANG_ENABLE_MODULES = YES;
				CLANG_ENABLE_OBJC_ARC = YES;
				CLANG_ENABLE_OBJC_WEAK = YES;
				CLANG_WARN_BLOCK_CAPTURE_AUTORELEASING = YES;
				CLANG_WARN_BOOL_CONVERSION = YES;
				CLANG_WARN_COMMA = YES;
				CLANG_WARN_CONSTANT_CONVERSION = YES;
				CLANG_WARN_DEPRECATED_OBJC_IMPLEMENTATIONS = YES;
				CLANG_WARN_DIRECT_OBJC_ISA_USAGE = YES_ERROR;
				CLANG_WARN_DOCUMENTATION_COMMENTS = YES;
				CLANG_WARN_EMPTY_BODY = YES;
				CLANG_WARN_ENUM_CONVERSION = YES;
				CLANG_WARN_INFINITE_RECURSION = YES;
				CLANG_WARN_INT_CONVERSION = YES;
				CLANG_WARN_NON_LITERAL_NULL_CONVERSION = YES;
				CLANG_WARN_OBJC_IMPLICIT_RETAIN_SELF = YES;
				CLANG_WARN_OBJC_LITERAL_CONVERSION = YES;
				CLANG_WARN_OBJC_ROOT_CLASS = YES_ERROR;
				CLANG_WARN_QUOTED_INCLUDE_IN_FRAMEWORK_HEADER = YES;
				CLANG_WARN_RANGE_LOOP_ANALYSIS = YES;
				CLANG_WARN_STRICT_PROTOTYPES = YES;
				CLANG_WARN_SUSPICIOUS_MOVE = YES;
				CLANG_WARN_UNGUARDED_AVAILABILITY = YES_AGGRESSIVE;
				CLANG_WARN_UNREACHABLE_CODE = YES;
				CLANG_WARN__DUPLICATE_METHOD_MATCH = YES;
				COPY_PHASE_STRIP = NO;
				DEBUG_INFORMATION_FORMAT = dwarf;
				ENABLE_STRICT_OBJC_MSGSEND = YES;
				ENABLE_TESTABILITY = YES;
				ENABLE_USER_SCRIPT_SANDBOXING = YES;
				GCC_C_LANGUAGE_STANDARD = gnu17;
				GCC_DYNAMIC_NO_PIC = NO;
				GCC_NO_COMMON_BLOCKS = YES;
				GCC_OPTIMIZATION_LEVEL = 0;
				GCC_PREPROCESSOR_DEFINITIONS = (
					"DEBUG=1",
					"$(inherited)",
				);
				GCC_WARN_64_TO_32_BIT_CONVERSION = YES;
				GCC_WARN_ABOUT_RETURN_TYPE = YES_ERROR;
				GCC_WARN_UNDECLARED_SELECTOR = YES;
				GCC_WARN_UNINITIALIZED_AUTOS = YES_AGGRESSIVE;
				GCC_WARN_UNUSED_FUNCTION = YES;
				GCC_WARN_UNUSED_VARIABLE = YES;
				IPHONEOS_DEPLOYMENT_TARGET = 17.2;
				LOCALIZATION_PREFERS_STRING_CATALOGS = YES;
				MTL_ENABLE_DEBUG_INFO = INCLUDE_SOURCE;
				MTL_FAST_MATH = YES;
				ONLY_ACTIVE_ARCH = YES;
				SDKROOT = iphoneos;
				SWIFT_ACTIVE_COMPILATION_CONDITIONS = "DEBUG $(inherited)";
				SWIFT_OPTIMIZATION_LEVEL = "-Onone";
			};
			name = Debug;
		};
		A8158BB92B83D3BF00070E98 /* Release */ = {
			isa = XCBuildConfiguration;
			buildSettings = {
				ALWAYS_SEARCH_USER_PATHS = NO;
				ASSETCATALOG_COMPILER_GENERATE_SWIFT_ASSET_SYMBOL_EXTENSIONS = YES;
				CLANG_ANALYZER_NONNULL = YES;
				CLANG_ANALYZER_NUMBER_OBJECT_CONVERSION = YES_AGGRESSIVE;
				CLANG_CXX_LANGUAGE_STANDARD = "gnu++20";
				CLANG_ENABLE_MODULES = YES;
				CLANG_ENABLE_OBJC_ARC = YES;
				CLANG_ENABLE_OBJC_WEAK = YES;
				CLANG_WARN_BLOCK_CAPTURE_AUTORELEASING = YES;
				CLANG_WARN_BOOL_CONVERSION = YES;
				CLANG_WARN_COMMA = YES;
				CLANG_WARN_CONSTANT_CONVERSION = YES;
				CLANG_WARN_DEPRECATED_OBJC_IMPLEMENTATIONS = YES;
				CLANG_WARN_DIRECT_OBJC_ISA_USAGE = YES_ERROR;
				CLANG_WARN_DOCUMENTATION_COMMENTS = YES;
				CLANG_WARN_EMPTY_BODY = YES;
				CLANG_WARN_ENUM_CONVERSION = YES;
				CLANG_WARN_INFINITE_RECURSION = YES;
				CLANG_WARN_INT_CONVERSION = YES;
				CLANG_WARN_NON_LITERAL_NULL_CONVERSION = YES;
				CLANG_WARN_OBJC_IMPLICIT_RETAIN_SELF = YES;
				CLANG_WARN_OBJC_LITERAL_CONVERSION = YES;
				CLANG_WARN_OBJC_ROOT_CLASS = YES_ERROR;
				CLANG_WARN_QUOTED_INCLUDE_IN_FRAMEWORK_HEADER = YES;
				CLANG_WARN_RANGE_LOOP_ANALYSIS = YES;
				CLANG_WARN_STRICT_PROTOTYPES = YES;
				CLANG_WARN_SUSPICIOUS_MOVE = YES;
				CLANG_WARN_UNGUARDED_AVAILABILITY = YES_AGGRESSIVE;
				CLANG_WARN_UNREACHABLE_CODE = YES;
				CLANG_WARN__DUPLICATE_METHOD_MATCH = YES;
				COPY_PHASE_STRIP = NO;
				DEBUG_INFORMATION_FORMAT = "dwarf-with-dsym";
				ENABLE_NS_ASSERTIONS = NO;
				ENABLE_STRICT_OBJC_MSGSEND = YES;
				ENABLE_USER_SCRIPT_SANDBOXING = YES;
				GCC_C_LANGUAGE_STANDARD = gnu17;
				GCC_NO_COMMON_BLOCKS = YES;
				GCC_WARN_64_TO_32_BIT_CONVERSION = YES;
				GCC_WARN_ABOUT_RETURN_TYPE = YES_ERROR;
				GCC_WARN_UNDECLARED_SELECTOR = YES;
				GCC_WARN_UNINITIALIZED_AUTOS = YES_AGGRESSIVE;
				GCC_WARN_UNUSED_FUNCTION = YES;
				GCC_WARN_UNUSED_VARIABLE = YES;
				IPHONEOS_DEPLOYMENT_TARGET = 17.2;
				LOCALIZATION_PREFERS_STRING_CATALOGS = YES;
				MTL_ENABLE_DEBUG_INFO = NO;
				MTL_FAST_MATH = YES;
				SDKROOT = iphoneos;
				SWIFT_COMPILATION_MODE = wholemodule;
				VALIDATE_PRODUCT = YES;
			};
			name = Release;
		};
		A8158BBB2B83D3BF00070E98 /* Debug */ = {
			isa = XCBuildConfiguration;
			buildSettings = {
				ASSETCATALOG_COMPILER_APPICON_NAME = AppIcon;
				ASSETCATALOG_COMPILER_GLOBAL_ACCENT_COLOR_NAME = AccentColor;
				CODE_SIGN_STYLE = Automatic;
				CURRENT_PROJECT_VERSION = 1;
				DEVELOPMENT_ASSET_PATHS = "\"BreathingBuddy/Preview Content\"";
				DEVELOPMENT_TEAM = 2A8JYJ93YV;
				ENABLE_PREVIEWS = YES;
				GENERATE_INFOPLIST_FILE = YES;
				INFOPLIST_KEY_UIApplicationSceneManifest_Generation = YES;
				INFOPLIST_KEY_UIApplicationSupportsIndirectInputEvents = YES;
				INFOPLIST_KEY_UILaunchScreen_Generation = YES;
				INFOPLIST_KEY_UISupportedInterfaceOrientations_iPad = "UIInterfaceOrientationPortrait UIInterfaceOrientationPortraitUpsideDown UIInterfaceOrientationLandscapeLeft UIInterfaceOrientationLandscapeRight";
				INFOPLIST_KEY_UISupportedInterfaceOrientations_iPhone = "UIInterfaceOrientationPortrait UIInterfaceOrientationLandscapeLeft UIInterfaceOrientationLandscapeRight";
				LD_RUNPATH_SEARCH_PATHS = (
					"$(inherited)",
					"@executable_path/Frameworks",
				);
				MARKETING_VERSION = 1.0;
				PRODUCT_BUNDLE_IDENTIFIER = com.nirneu.BreathingBuddy;
				PRODUCT_NAME = "$(TARGET_NAME)";
				SWIFT_EMIT_LOC_STRINGS = YES;
				SWIFT_VERSION = 5.0;
				TARGETED_DEVICE_FAMILY = "1,2";
			};
			name = Debug;
		};
		A8158BBC2B83D3BF00070E98 /* Release */ = {
			isa = XCBuildConfiguration;
			buildSettings = {
				ASSETCATALOG_COMPILER_APPICON_NAME = AppIcon;
				ASSETCATALOG_COMPILER_GLOBAL_ACCENT_COLOR_NAME = AccentColor;
				CODE_SIGN_STYLE = Automatic;
				CURRENT_PROJECT_VERSION = 1;
				DEVELOPMENT_ASSET_PATHS = "\"BreathingBuddy/Preview Content\"";
				DEVELOPMENT_TEAM = 2A8JYJ93YV;
				ENABLE_PREVIEWS = YES;
				GENERATE_INFOPLIST_FILE = YES;
				INFOPLIST_KEY_UIApplicationSceneManifest_Generation = YES;
				INFOPLIST_KEY_UIApplicationSupportsIndirectInputEvents = YES;
				INFOPLIST_KEY_UILaunchScreen_Generation = YES;
				INFOPLIST_KEY_UISupportedInterfaceOrientations_iPad = "UIInterfaceOrientationPortrait UIInterfaceOrientationPortraitUpsideDown UIInterfaceOrientationLandscapeLeft UIInterfaceOrientationLandscapeRight";
				INFOPLIST_KEY_UISupportedInterfaceOrientations_iPhone = "UIInterfaceOrientationPortrait UIInterfaceOrientationLandscapeLeft UIInterfaceOrientationLandscapeRight";
				LD_RUNPATH_SEARCH_PATHS = (
					"$(inherited)",
					"@executable_path/Frameworks",
				);
				MARKETING_VERSION = 1.0;
				PRODUCT_BUNDLE_IDENTIFIER = com.nirneu.BreathingBuddy;
				PRODUCT_NAME = "$(TARGET_NAME)";
				SWIFT_EMIT_LOC_STRINGS = YES;
				SWIFT_VERSION = 5.0;
				TARGETED_DEVICE_FAMILY = "1,2";
			};
			name = Release;
		};
/* End XCBuildConfiguration section */

/* Begin XCConfigurationList section */
		A8158BA72B83D3BE00070E98 /* Build configuration list for PBXProject "BreathingBuddy" */ = {
			isa = XCConfigurationList;
			buildConfigurations = (
				A8158BB82B83D3BF00070E98 /* Debug */,
				A8158BB92B83D3BF00070E98 /* Release */,
			);
			defaultConfigurationIsVisible = 0;
			defaultConfigurationName = Release;
		};
		A8158BBA2B83D3BF00070E98 /* Build configuration list for PBXNativeTarget "BreathingBuddy" */ = {
			isa = XCConfigurationList;
			buildConfigurations = (
				A8158BBB2B83D3BF00070E98 /* Debug */,
				A8158BBC2B83D3BF00070E98 /* Release */,
			);
			defaultConfigurationIsVisible = 0;
			defaultConfigurationName = Release;
		};
/* End XCConfigurationList section */
	};
	rootObject = A8158BA42B83D3BE00070E98 /* Project object */;
}
